
Microsoft Visual Studio Solution File, Format Version 12.00
# Visual Studio 14
VisualStudioVersion = 14.0.25420.1
MinimumVisualStudioVersion = 10.0.40219.1
Project("{FAE04EC0-301F-11D3-BF4B-00C04F79EFBC}") = "Dal", "Dal\Dal.csproj", "{9F360E1F-CC7C-42F8-A75F-576C8F4E7468}"
EndProject
Project("{FAE04EC0-301F-11D3-BF4B-00C04F79EFBC}") = "Contracts", "Contracts\Contracts.csproj", "{33601A85-9ADA-4F23-960A-F3B7960BC83A}"
EndProject
Project("{FAE04EC0-301F-11D3-BF4B-00C04F79EFBC}") = "Services", "Services\Services.csproj", "{9AD8494D-156C-44C3-8DD3-17A212CEF3FB}"
EndProject
Project("{FAE04EC0-301F-11D3-BF4B-00C04F79EFBC}") = "WebApi", "WebApi\WebApi.csproj", "{06DAFF8C-2251-4860-B6F4-99372A401C17}"
EndProject
Project("{FAE04EC0-301F-11D3-BF4B-00C04F79EFBC}") = "DraftCleanerService", "DraftCleanerService\DraftCleanerService.csproj", "{6BD5B09F-DFCF-4813-A5F5-D8651B38B743}"
EndProject
Project("{FAE04EC0-301F-11D3-BF4B-00C04F79EFBC}") = "Mapper", "Mapper\Mapper.csproj", "{6267CFBD-B97B-4F2F-8429-DB6E8A4125E5}"
EndProject
Project("{8BB2217D-0F2D-49D1-97BC-3654ED321F3B}") = "Web", "Web\Web.xproj", "{5DEE79C9-6653-4D85-B908-CA07CE025622}"
EndProject
Project("{FAE04EC0-301F-11D3-BF4B-00C04F79EFBC}") = "DraftCleanerRunner", "DraftCleanerRunner\DraftCleanerRunner.csproj", "{91F9058B-92FF-4772-8E72-5DF9D208EBC7}"
	ProjectSection(ProjectDependencies) = postProject
		{6BD5B09F-DFCF-4813-A5F5-D8651B38B743} = {6BD5B09F-DFCF-4813-A5F5-D8651B38B743}
	EndProjectSection
EndProject
Global
	GlobalSection(SolutionConfigurationPlatforms) = preSolution
		Debug|Any CPU = Debug|Any CPU
		Release|Any CPU = Release|Any CPU
	EndGlobalSection
	GlobalSection(ProjectConfigurationPlatforms) = postSolution
		{9F360E1F-CC7C-42F8-A75F-576C8F4E7468}.Debug|Any CPU.ActiveCfg = Debug|Any CPU
		{9F360E1F-CC7C-42F8-A75F-576C8F4E7468}.Debug|Any CPU.Build.0 = Debug|Any CPU
		{9F360E1F-CC7C-42F8-A75F-576C8F4E7468}.Release|Any CPU.ActiveCfg = Release|Any CPU
		{9F360E1F-CC7C-42F8-A75F-576C8F4E7468}.Release|Any CPU.Build.0 = Release|Any CPU
		{33601A85-9ADA-4F23-960A-F3B7960BC83A}.Debug|Any CPU.ActiveCfg = Debug|Any CPU
		{33601A85-9ADA-4F23-960A-F3B7960BC83A}.Debug|Any CPU.Build.0 = Debug|Any CPU
		{33601A85-9ADA-4F23-960A-F3B7960BC83A}.Release|Any CPU.ActiveCfg = Release|Any CPU
		{33601A85-9ADA-4F23-960A-F3B7960BC83A}.Release|Any CPU.Build.0 = Release|Any CPU
		{9AD8494D-156C-44C3-8DD3-17A212CEF3FB}.Debug|Any CPU.ActiveCfg = Debug|Any CPU
		{9AD8494D-156C-44C3-8DD3-17A212CEF3FB}.Debug|Any CPU.Build.0 = Debug|Any CPU
		{9AD8494D-156C-44C3-8DD3-17A212CEF3FB}.Release|Any CPU.ActiveCfg = Release|Any CPU
		{9AD8494D-156C-44C3-8DD3-17A212CEF3FB}.Release|Any CPU.Build.0 = Release|Any CPU
		{06DAFF8C-2251-4860-B6F4-99372A401C17}.Debug|Any CPU.ActiveCfg = Debug|Any CPU
		{06DAFF8C-2251-4860-B6F4-99372A401C17}.Debug|Any CPU.Build.0 = Debug|Any CPU
		{06DAFF8C-2251-4860-B6F4-99372A401C17}.Release|Any CPU.ActiveCfg = Release|Any CPU
		{06DAFF8C-2251-4860-B6F4-99372A401C17}.Release|Any CPU.Build.0 = Release|Any CPU
		{6BD5B09F-DFCF-4813-A5F5-D8651B38B743}.Debug|Any CPU.ActiveCfg = Debug|Any CPU
		{6BD5B09F-DFCF-4813-A5F5-D8651B38B743}.Debug|Any CPU.Build.0 = Debug|Any CPU
		{6BD5B09F-DFCF-4813-A5F5-D8651B38B743}.Release|Any CPU.ActiveCfg = Release|Any CPU
		{6BD5B09F-DFCF-4813-A5F5-D8651B38B743}.Release|Any CPU.Build.0 = Release|Any CPU
		{6267CFBD-B97B-4F2F-8429-DB6E8A4125E5}.Debug|Any CPU.ActiveCfg = Debug|Any CPU
		{6267CFBD-B97B-4F2F-8429-DB6E8A4125E5}.Debug|Any CPU.Build.0 = Debug|Any CPU
		{6267CFBD-B97B-4F2F-8429-DB6E8A4125E5}.Release|Any CPU.ActiveCfg = Release|Any CPU
		{6267CFBD-B97B-4F2F-8429-DB6E8A4125E5}.Release|Any CPU.Build.0 = Release|Any CPU
		{5DEE79C9-6653-4D85-B908-CA07CE025622}.Debug|Any CPU.ActiveCfg = Debug|Any CPU
		{5DEE79C9-6653-4D85-B908-CA07CE025622}.Debug|Any CPU.Build.0 = Debug|Any CPU
		{5DEE79C9-6653-4D85-B908-CA07CE025622}.Release|Any CPU.ActiveCfg = Release|Any CPU
		{5DEE79C9-6653-4D85-B908-CA07CE025622}.Release|Any CPU.Build.0 = Release|Any CPU
		{91F9058B-92FF-4772-8E72-5DF9D208EBC7}.Debug|Any CPU.ActiveCfg = Debug|Any CPU
		{91F9058B-92FF-4772-8E72-5DF9D208EBC7}.Debug|Any CPU.Build.0 = Debug|Any CPU
		{91F9058B-92FF-4772-8E72-5DF9D208EBC7}.Release|Any CPU.ActiveCfg = Release|Any CPU
		{91F9058B-92FF-4772-8E72-5DF9D208EBC7}.Release|Any CPU.Build.0 = Release|Any CPU
	EndGlobalSection
	GlobalSection(SolutionProperties) = preSolution
		HideSolutionNode = FALSE
	EndGlobalSection
EndGlobal
